# This file is automatically @generated by Poetry 1.8.2 and should not be changed by hand.

[[package]]
name = "pygments"
version = "2.18.0"
description = "Pygments is a syntax highlighting package written in Python."
optional = false
python-versions = ">=3.8"
files = [
    {file = "pygments-2.18.0-py3-none-any.whl", hash = "sha256:b8e6aca0523f3ab76fee51799c488e38782ac06eafcf95e7ba832985c8e7b13a"},
    {file = "pygments-2.18.0.tar.gz", hash = "sha256:786ff802f32e91311bff3889f6e9a86e81505fe99f2735bb6d60ae0c5004f199"},
]

[package.extras]
windows-terminal = ["colorama (>=0.4.6)"]

[[package]]
name = "stickytape"
version = "0.2.1"
description = "Convert Python packages into a single script"
optional = false
python-versions = ">=3.4"
files = [
    {file = "stickytape-0.2.1-py3-none-any.whl", hash = "sha256:66046dedac42484a352d87c12bc4272e4e222260a41f6e1fcbb29876c018e543"},
    {file = "stickytape-0.2.1.tar.gz", hash = "sha256:9bbdd5dabed633ffde36bb7f656ee0cb55aeae9f87d9c95e377a06bf1ba7df8d"},
]

[[package]]
name = "temper-core"
version = "0.2.1"
description = "Runtime support for Python generated by Temper"
optional = false
python-versions = "<4.0,>=3.8"
files = [
    {file = "temper_core-0.2.1-py3-none-any.whl", hash = "sha256:40d67396ed218fbbfb84f1f80db18416eb4a2cb71ea15daebc362429e7f3f8ee"},
    {file = "temper_core-0.2.1.tar.gz", hash = "sha256:6c9311ec97aedbf991553b99097202c013fde5aed7f9f5f1ccee810ed3f5bc0a"},
]

[[package]]
name = "temper-syntax"
version = "0.2.0"
description = ""
optional = false
python-versions = "<4.0,>=3.8"
files = [
    {file = "temper_syntax-0.2.0-py3-none-any.whl", hash = "sha256:7ae96990e3f788bb67c90e0b970ae15250d2ddcea9264fba099ddbed69cc98e7"},
    {file = "temper_syntax-0.2.0.tar.gz", hash = "sha256:8bc0e388adc5d954e496ef1c9907c7bfd86370bd490cfb4fefc0f27e5e49347d"},
]

[package.dependencies]
temper-core = "0.2.1"

[metadata]
lock-version = "2.0"
python-versions = "^3.8"
content-hash = "c8ff0c034971eed831421dddcf93bd372eb8493ba3eb1f5c6d4acd7a271113bc"
