# This file is automatically @generated by Poetry 2.1.3 and should not be changed by hand.

[[package]]
name = "pygments"
version = "2.19.1"
description = "Pygments is a syntax highlighting package written in Python."
optional = false
python-versions = ">=3.8"
groups = ["main"]
files = [
    {file = "pygments-2.19.1-py3-none-any.whl", hash = "sha256:9ea1544ad55cecf4b8242fab6dd35a93bbce657034b0611ee383099054ab6d8c"},
    {file = "pygments-2.19.1.tar.gz", hash = "sha256:61c16d2a8576dc0649d9f39e089b5f02bcd27fba10d8fb4dcc28173f7a45151f"},
]

[package.extras]
windows-terminal = ["colorama (>=0.4.6)"]

[[package]]
name = "stickytape"
version = "0.2.1"
description = "Convert Python packages into a single script"
optional = false
python-versions = ">=3.4"
groups = ["dev"]
files = [
    {file = "stickytape-0.2.1-py3-none-any.whl", hash = "sha256:66046dedac42484a352d87c12bc4272e4e222260a41f6e1fcbb29876c018e543"},
    {file = "stickytape-0.2.1.tar.gz", hash = "sha256:9bbdd5dabed633ffde36bb7f656ee0cb55aeae9f87d9c95e377a06bf1ba7df8d"},
]

[[package]]
name = "temper-core"
version = "0.6.0"
description = "Runtime support for Python generated by Temper"
optional = false
python-versions = ">=3.11"
groups = ["main"]
files = [
    {file = "temper_core-0.6.0-py3-none-any.whl", hash = "sha256:8aa9395e57154ec1db8449062ee502ff17c0ca5d4d34d71fb7ca181f3f03d95b"},
    {file = "temper_core-0.6.0.tar.gz", hash = "sha256:45a131eb1a8fb3c04281078427acf0705b15327849d8f63e3f0dcc98e7957b6c"},
]

[[package]]
name = "temper-syntax"
version = "0.2.4"
description = ""
optional = false
python-versions = ">=3.11"
groups = ["main"]
files = []
develop = true

[package.dependencies]
temper-core = "0.6.0"

[package.source]
type = "directory"
url = "../temper.out/py/temper-syntax"

[metadata]
lock-version = "2.1"
python-versions = "^3.11"
content-hash = "c096bbdb64a50a6ce4e45c6472afd10e3dcb996635d3308cadeb11b7155e1a4d"
